Microsoft Visual Studio Solution File, Format Version 12.00
# Visual Studio Version 18
VisualStudioVersion = 18.4.11626.88
MinimumVisualStudioVersion = 10.0.40219.1
Project("{FAE04EC0-301F-11D3-BF4B-00C04F79EFBC}") = "EventManagement.UnitTests", "EventManagmentApi.Tests\EventManagement.UnitTests.csproj", "{FDD20B54-8610-40F2-BFE1-CCCDE90E0BFF}"
EndProject
Project("{FAE04EC0-301F-11D3-BF4B-00C04F79EFBC}") = "EventManagement.Presentation", "EventManagementApi\EventManagement.Presentation.csproj", "{1A1E9071-4B56-75AD-5DE7-A3D465C6B10D}"
EndProject
Project("{2150E333-8FDC-42A3-9474-1A3956D46DE8}") = "Solution Items", "Solution Items", "{8FE7165D-E292-462B-A411-0B41C60FA7D8}"
	ProjectSection(SolutionItems) = preProject
		.editorconfig = .editorconfig
	EndProjectSection
EndProject
Project("{FAE04EC0-301F-11D3-BF4B-00C04F79EFBC}") = "EventManagement.IntegrationTests", "EventManagmentApi.IntegrationTests\EventManagement.IntegrationTests.csproj", "{A8A252EA-40C2-433B-896A-56E451D9091E}"
EndProject
Project("{FAE04EC0-301F-11D3-BF4B-00C04F79EFBC}") = "EventManagement.Domain", "EventManagementApi.Domain\EventManagement.Domain.csproj", "{8EF327B5-4B73-432F-A1C3-0CD82D8D6709}"
EndProject
Project("{FAE04EC0-301F-11D3-BF4B-00C04F79EFBC}") = "EventManagement.Application", "EventManagementApi.Application\EventManagement.Application.csproj", "{F7E5050C-AA72-43BA-A68F-5A6416213067}"
EndProject
Project("{FAE04EC0-301F-11D3-BF4B-00C04F79EFBC}") = "EventManagement.Infrastructure", "EventManagementApi.Infrastructure\EventManagement.Infrastructure.csproj", "{24A4A98B-C302-41A5-8302-12DAA3C47E04}"
EndProject
Global
	GlobalSection(SolutionConfigurationPlatforms) = preSolution
		Debug|Any CPU = Debug|Any CPU
		Release|Any CPU = Release|Any CPU
	EndGlobalSection
	GlobalSection(ProjectConfigurationPlatforms) = postSolution
		{FDD20B54-8610-40F2-BFE1-CCCDE90E0BFF}.Debug|Any CPU.ActiveCfg = Debug|Any CPU
		{FDD20B54-8610-40F2-BFE1-CCCDE90E0BFF}.Debug|Any CPU.Build.0 = Debug|Any CPU
		{FDD20B54-8610-40F2-BFE1-CCCDE90E0BFF}.Release|Any CPU.ActiveCfg = Release|Any CPU
		{FDD20B54-8610-40F2-BFE1-CCCDE90E0BFF}.Release|Any CPU.Build.0 = Release|Any CPU
		{1A1E9071-4B56-75AD-5DE7-A3D465C6B10D}.Debug|Any CPU.ActiveCfg = Debug|Any CPU
		{1A1E9071-4B56-75AD-5DE7-A3D465C6B10D}.Debug|Any CPU.Build.0 = Debug|Any CPU
		{1A1E9071-4B56-75AD-5DE7-A3D465C6B10D}.Release|Any CPU.ActiveCfg = Release|Any CPU
		{1A1E9071-4B56-75AD-5DE7-A3D465C6B10D}.Release|Any CPU.Build.0 = Release|Any CPU
		{A8A252EA-40C2-433B-896A-56E451D9091E}.Debug|Any CPU.ActiveCfg = Debug|Any CPU
		{A8A252EA-40C2-433B-896A-56E451D9091E}.Debug|Any CPU.Build.0 = Debug|Any CPU
		{A8A252EA-40C2-433B-896A-56E451D9091E}.Release|Any CPU.ActiveCfg = Release|Any CPU
		{A8A252EA-40C2-433B-896A-56E451D9091E}.Release|Any CPU.Build.0 = Release|Any CPU
		{8EF327B5-4B73-432F-A1C3-0CD82D8D6709}.Debug|Any CPU.ActiveCfg = Debug|Any CPU
		{8EF327B5-4B73-432F-A1C3-0CD82D8D6709}.Debug|Any CPU.Build.0 = Debug|Any CPU
		{8EF327B5-4B73-432F-A1C3-0CD82D8D6709}.Release|Any CPU.ActiveCfg = Release|Any CPU
		{8EF327B5-4B73-432F-A1C3-0CD82D8D6709}.Release|Any CPU.Build.0 = Release|Any CPU
		{F7E5050C-AA72-43BA-A68F-5A6416213067}.Debug|Any CPU.ActiveCfg = Debug|Any CPU
		{F7E5050C-AA72-43BA-A68F-5A6416213067}.Debug|Any CPU.Build.0 = Debug|Any CPU
		{F7E5050C-AA72-43BA-A68F-5A6416213067}.Release|Any CPU.ActiveCfg = Release|Any CPU
		{F7E5050C-AA72-43BA-A68F-5A6416213067}.Release|Any CPU.Build.0 = Release|Any CPU
		{24A4A98B-C302-41A5-8302-12DAA3C47E04}.Debug|Any CPU.ActiveCfg = Debug|Any CPU
		{24A4A98B-C302-41A5-8302-12DAA3C47E04}.Debug|Any CPU.Build.0 = Debug|Any CPU
		{24A4A98B-C302-41A5-8302-12DAA3C47E04}.Release|Any CPU.ActiveCfg = Release|Any CPU
		{24A4A98B-C302-41A5-8302-12DAA3C47E04}.Release|Any CPU.Build.0 = Release|Any CPU
	EndGlobalSection
	GlobalSection(SolutionProperties) = preSolution
		HideSolutionNode = FALSE
	EndGlobalSection
	GlobalSection(ExtensibilityGlobals) = postSolution
		SolutionGuid = {94132ED5-72D6-48ED-87A3-B6E148F4244B}
	EndGlobalSection
EndGlobal
